
Microsoft Visual Studio Solution File, Format Version 12.00
# Visual Studio Version 16
VisualStudioVersion = 16.0.808.3
MinimumVisualStudioVersion = 10.0.40219.1
Project("{FAE04EC0-301F-11D3-BF4B-00C04F79EFBC}") = "Cards", "Cards\Cards.csproj", "{3D16B522-020B-44DE-A221-87C61295CA66}"
EndProject
Global
	GlobalSection(SolutionConfigurationPlatforms) = preSolution
		Debug|Any CPU = Debug|Any CPU
		Release|Any CPU = Release|Any CPU
	EndGlobalSection
	GlobalSection(ProjectConfigurationPlatforms) = postSolution
		{3D16B522-020B-44DE-A221-87C61295CA66}.Debug|Any CPU.ActiveCfg = Debug|Any CPU
		{3D16B522-020B-44DE-A221-87C61295CA66}.Debug|Any CPU.Build.0 = Debug|Any CPU
		{3D16B522-020B-44DE-A221-87C61295CA66}.Release|Any CPU.ActiveCfg = Release|Any CPU
		{3D16B522-020B-44DE-A221-87C61295CA66}.Release|Any CPU.Build.0 = Release|Any CPU
	EndGlobalSection
	GlobalSection(SolutionProperties) = preSolution
		HideSolutionNode = FALSE
	EndGlobalSection
	GlobalSection(ExtensibilityGlobals) = postSolution
		SolutionGuid = {F02E6BF7-C98D-4075-9F09-A762027D5403}
	EndGlobalSection
EndGlobal
